
Microsoft Visual Studio Solution File, Format Version 12.00
# Visual Studio Version 16
VisualStudioVersion = 16.0.30011.22
MinimumVisualStudioVersion = 10.0.40219.1
Project("{888888A0-9F3D-457C-B088-3A5042F75D52}") = "GameOfLife", "GameOfLife.pyproj", "{CF418081-23C8-4F76-B4BD-04464848FF4E}"
EndProject
Global
	GlobalSection(SolutionConfigurationPlatforms) = preSolution
		Debug|Any CPU = Debug|Any CPU
		Release|Any CPU = Release|Any CPU
	EndGlobalSection
	GlobalSection(ProjectConfigurationPlatforms) = postSolution
		{CF418081-23C8-4F76-B4BD-04464848FF4E}.Debug|Any CPU.ActiveCfg = Debug|Any CPU
		{CF418081-23C8-4F76-B4BD-04464848FF4E}.Release|Any CPU.ActiveCfg = Release|Any CPU
	EndGlobalSection
	GlobalSection(SolutionProperties) = preSolution
		HideSolutionNode = FALSE
	EndGlobalSection
	GlobalSection(ExtensibilityGlobals) = postSolution
		SolutionGuid = {8C6D65E8-2B91-48B8-8D63-15B8CF362CD4}
	EndGlobalSection
EndGlobal
